
Microsoft Visual Studio Solution File, Format Version 12.00
# Visual Studio 14
VisualStudioVersion = 14.0.25420.1
MinimumVisualStudioVersion = 10.0.40219.1
Project("{FAE04EC0-301F-11D3-BF4B-00C04F79EFBC}") = "Congty3H.Common", "Congty3H.Common\Congty3H.Common.csproj", "{62FDD00A-19FB-4AC0-8ED2-9DEB1257AC6C}"
EndProject
Project("{FAE04EC0-301F-11D3-BF4B-00C04F79EFBC}") = "Congty3H.Model", "Congty3H.Model\Congty3H.Model.csproj", "{ED34D3DA-4388-4600-84A7-9FA9BC2F1EC8}"
EndProject
Project("{FAE04EC0-301F-11D3-BF4B-00C04F79EFBC}") = "Congty3H.Data", "Congty3H.Data\Congty3H.Data.csproj", "{8A5CDB92-8FE5-45AE-BF11-3CC42854EC6B}"
EndProject
Project("{FAE04EC0-301F-11D3-BF4B-00C04F79EFBC}") = "Congty3H.Service", "Congty3H.Service\Congty3H.Service.csproj", "{30268BD9-CD32-4318-A8B0-D55155117782}"
EndProject
Project("{FAE04EC0-301F-11D3-BF4B-00C04F79EFBC}") = "Congty3H.UnitTest", "Congty3H.UnitTest\Congty3H.UnitTest.csproj", "{7228E8BD-3933-42AB-8BDA-A44426026AE2}"
EndProject
Project("{FAE04EC0-301F-11D3-BF4B-00C04F79EFBC}") = "Congty3H.Web", "Congty3H.Web\Congty3H.Web.csproj", "{260C4B21-A8DD-45A9-B818-96ABE66F2967}"
EndProject
Global
	GlobalSection(SolutionConfigurationPlatforms) = preSolution
		Debug|Any CPU = Debug|Any CPU
		Release|Any CPU = Release|Any CPU
	EndGlobalSection
	GlobalSection(ProjectConfigurationPlatforms) = postSolution
		{62FDD00A-19FB-4AC0-8ED2-9DEB1257AC6C}.Debug|Any CPU.ActiveCfg = Debug|Any CPU
		{62FDD00A-19FB-4AC0-8ED2-9DEB1257AC6C}.Debug|Any CPU.Build.0 = Debug|Any CPU
		{62FDD00A-19FB-4AC0-8ED2-9DEB1257AC6C}.Release|Any CPU.ActiveCfg = Release|Any CPU
		{62FDD00A-19FB-4AC0-8ED2-9DEB1257AC6C}.Release|Any CPU.Build.0 = Release|Any CPU
		{ED34D3DA-4388-4600-84A7-9FA9BC2F1EC8}.Debug|Any CPU.ActiveCfg = Debug|Any CPU
		{ED34D3DA-4388-4600-84A7-9FA9BC2F1EC8}.Debug|Any CPU.Build.0 = Debug|Any CPU
		{ED34D3DA-4388-4600-84A7-9FA9BC2F1EC8}.Release|Any CPU.ActiveCfg = Release|Any CPU
		{ED34D3DA-4388-4600-84A7-9FA9BC2F1EC8}.Release|Any CPU.Build.0 = Release|Any CPU
		{8A5CDB92-8FE5-45AE-BF11-3CC42854EC6B}.Debug|Any CPU.ActiveCfg = Debug|Any CPU
		{8A5CDB92-8FE5-45AE-BF11-3CC42854EC6B}.Debug|Any CPU.Build.0 = Debug|Any CPU
		{8A5CDB92-8FE5-45AE-BF11-3CC42854EC6B}.Release|Any CPU.ActiveCfg = Release|Any CPU
		{8A5CDB92-8FE5-45AE-BF11-3CC42854EC6B}.Release|Any CPU.Build.0 = Release|Any CPU
		{30268BD9-CD32-4318-A8B0-D55155117782}.Debug|Any CPU.ActiveCfg = Debug|Any CPU
		{30268BD9-CD32-4318-A8B0-D55155117782}.Debug|Any CPU.Build.0 = Debug|Any CPU
		{30268BD9-CD32-4318-A8B0-D55155117782}.Release|Any CPU.ActiveCfg = Release|Any CPU
		{30268BD9-CD32-4318-A8B0-D55155117782}.Release|Any CPU.Build.0 = Release|Any CPU
		{7228E8BD-3933-42AB-8BDA-A44426026AE2}.Debug|Any CPU.ActiveCfg = Debug|Any CPU
		{7228E8BD-3933-42AB-8BDA-A44426026AE2}.Debug|Any CPU.Build.0 = Debug|Any CPU
		{7228E8BD-3933-42AB-8BDA-A44426026AE2}.Release|Any CPU.ActiveCfg = Release|Any CPU
		{7228E8BD-3933-42AB-8BDA-A44426026AE2}.Release|Any CPU.Build.0 = Release|Any CPU
		{260C4B21-A8DD-45A9-B818-96ABE66F2967}.Debug|Any CPU.ActiveCfg = Debug|Any CPU
		{260C4B21-A8DD-45A9-B818-96ABE66F2967}.Debug|Any CPU.Build.0 = Debug|Any CPU
		{260C4B21-A8DD-45A9-B818-96ABE66F2967}.Release|Any CPU.ActiveCfg = Release|Any CPU
		{260C4B21-A8DD-45A9-B818-96ABE66F2967}.Release|Any CPU.Build.0 = Release|Any CPU
	EndGlobalSection
	GlobalSection(SolutionProperties) = preSolution
		HideSolutionNode = FALSE
	EndGlobalSection
EndGlobal
